
Microsoft Visual Studio Solution File, Format Version 12.00
# Visual Studio Version 17
VisualStudioVersion = 17.6.33829.357
MinimumVisualStudioVersion = 10.0.40219.1
Project("{FAE04EC0-301F-11D3-BF4B-00C04F79EFBC}") = "DragDropEmptyGroupTest", "DragDropEmptyGroupTest.csproj", "{8C04BFAE-21EA-4F81-A19D-2F37A72B1B08}"
EndProject
Global
	GlobalSection(SolutionConfigurationPlatforms) = preSolution
		Debug|Any CPU = Debug|Any CPU
		Release|Any CPU = Release|Any CPU
	EndGlobalSection
	GlobalSection(ProjectConfigurationPlatforms) = postSolution
		{8C04BFAE-21EA-4F81-A19D-2F37A72B1B08}.Debug|Any CPU.ActiveCfg = Debug|Any CPU
		{8C04BFAE-21EA-4F81-A19D-2F37A72B1B08}.Debug|Any CPU.Build.0 = Debug|Any CPU
		{8C04BFAE-21EA-4F81-A19D-2F37A72B1B08}.Release|Any CPU.ActiveCfg = Release|Any CPU
		{8C04BFAE-21EA-4F81-A19D-2F37A72B1B08}.Release|Any CPU.Build.0 = Release|Any CPU
	EndGlobalSection
	GlobalSection(SolutionProperties) = preSolution
		HideSolutionNode = FALSE
	EndGlobalSection
	GlobalSection(ExtensibilityGlobals) = postSolution
		SolutionGuid = {8FB129B4-F460-479D-9843-7F74EBA87081}
	EndGlobalSection
EndGlobal
